
Microsoft Visual Studio Solution File, Format Version 12.00
# Visual Studio Version 16
VisualStudioVersion = 16.0.29403.142
MinimumVisualStudioVersion = 10.0.40219.1
Project("{9A19103F-16F7-4668-BE54-9A1E7A4F7556}") = "DefenseIO.Services.Gateway", "DefenseIO.Services.Gateway\DefenseIO.Services.Gateway.csproj", "{D3A42E63-002E-4FFE-9772-121C9AF85507}"
EndProject
Project("{9A19103F-16F7-4668-BE54-9A1E7A4F7556}") = "DefenseIO.Services.Identity", "DefenseIO.Services.Identity\DefenseIO.Services.Identity.csproj", "{74978E52-5B43-4081-800F-4DC3EB45BAFE}"
EndProject
Project("{2150E333-8FDC-42A3-9474-1A3956D46DE8}") = "1 - Services", "1 - Services", "{894CD68B-A808-46D2-A586-55D766004B54}"
EndProject
Project("{9A19103F-16F7-4668-BE54-9A1E7A4F7556}") = "DefenseIO.Services.Chat", "DefenseIO.Services.Chat\DefenseIO.Services.Chat.csproj", "{18DFC143-BDDD-4C32-9EEE-3B61C72D23CB}"
EndProject
Project("{9A19103F-16F7-4668-BE54-9A1E7A4F7556}") = "DefenseIO.Services.Contracting", "DefenseIO.Services.Contracting\DefenseIO.Services.Contracting.csproj", "{E921F890-E3EA-4182-A271-10FC0FEA322E}"
EndProject
Project("{9A19103F-16F7-4668-BE54-9A1E7A4F7556}") = "DefenseIO.Services.Report", "DefenseIO.Services.Report\DefenseIO.Services.Report.csproj", "{5AFF6A8D-6155-4985-85A6-808C85A5BAA0}"
EndProject
Project("{2150E333-8FDC-42A3-9474-1A3956D46DE8}") = "2 - Infra", "2 - Infra", "{B40CB13E-8670-416F-AC7E-C4166F880725}"
EndProject
Project("{9A19103F-16F7-4668-BE54-9A1E7A4F7556}") = "DefenseIO.Infra.IoC", "DefenseIO.Infra.IoC\DefenseIO.Infra.IoC.csproj", "{4F780568-4D5A-4CB7-9702-FCECC6D76662}"
EndProject
Project("{FAE04EC0-301F-11D3-BF4B-00C04F79EFBC}") = "DefenseIO.Infra.ApiConfig", "DefenseIO.Infra.ApiConfig\DefenseIO.Infra.ApiConfig.csproj", "{7B084FC8-768E-423C-A6A3-7FB27690B46E}"
EndProject
Project("{2150E333-8FDC-42A3-9474-1A3956D46DE8}") = "3 - Domain", "3 - Domain", "{E1AF6350-579D-4AD1-A87E-7EF850F9A05C}"
EndProject
Project("{FAE04EC0-301F-11D3-BF4B-00C04F79EFBC}") = "DefenseIO.Domain", "DefenseIO.Domain\DefenseIO.Domain.csproj", "{DF4CBE8F-51FA-48B5-8E80-5BEE6E9F5FED}"
EndProject
Project("{FAE04EC0-301F-11D3-BF4B-00C04F79EFBC}") = "DefenseIO.Infra.Shared", "DefenseIO.Infra.Shared\DefenseIO.Infra.Shared.csproj", "{4D995BCA-A4EF-4F0A-AF16-B05978667D6C}"
EndProject
Global
	GlobalSection(SolutionConfigurationPlatforms) = preSolution
		Debug|Any CPU = Debug|Any CPU
		Release|Any CPU = Release|Any CPU
	EndGlobalSection
	GlobalSection(ProjectConfigurationPlatforms) = postSolution
		{D3A42E63-002E-4FFE-9772-121C9AF85507}.Debug|Any CPU.ActiveCfg = Debug|Any CPU
		{D3A42E63-002E-4FFE-9772-121C9AF85507}.Debug|Any CPU.Build.0 = Debug|Any CPU
		{D3A42E63-002E-4FFE-9772-121C9AF85507}.Release|Any CPU.ActiveCfg = Release|Any CPU
		{D3A42E63-002E-4FFE-9772-121C9AF85507}.Release|Any CPU.Build.0 = Release|Any CPU
		{74978E52-5B43-4081-800F-4DC3EB45BAFE}.Debug|Any CPU.ActiveCfg = Debug|Any CPU
		{74978E52-5B43-4081-800F-4DC3EB45BAFE}.Debug|Any CPU.Build.0 = Debug|Any CPU
		{74978E52-5B43-4081-800F-4DC3EB45BAFE}.Release|Any CPU.ActiveCfg = Release|Any CPU
		{74978E52-5B43-4081-800F-4DC3EB45BAFE}.Release|Any CPU.Build.0 = Release|Any CPU
		{18DFC143-BDDD-4C32-9EEE-3B61C72D23CB}.Debug|Any CPU.ActiveCfg = Debug|Any CPU
		{18DFC143-BDDD-4C32-9EEE-3B61C72D23CB}.Debug|Any CPU.Build.0 = Debug|Any CPU
		{18DFC143-BDDD-4C32-9EEE-3B61C72D23CB}.Release|Any CPU.ActiveCfg = Release|Any CPU
		{18DFC143-BDDD-4C32-9EEE-3B61C72D23CB}.Release|Any CPU.Build.0 = Release|Any CPU
		{E921F890-E3EA-4182-A271-10FC0FEA322E}.Debug|Any CPU.ActiveCfg = Debug|Any CPU
		{E921F890-E3EA-4182-A271-10FC0FEA322E}.Debug|Any CPU.Build.0 = Debug|Any CPU
		{E921F890-E3EA-4182-A271-10FC0FEA322E}.Release|Any CPU.ActiveCfg = Release|Any CPU
		{E921F890-E3EA-4182-A271-10FC0FEA322E}.Release|Any CPU.Build.0 = Release|Any CPU
		{5AFF6A8D-6155-4985-85A6-808C85A5BAA0}.Debug|Any CPU.ActiveCfg = Debug|Any CPU
		{5AFF6A8D-6155-4985-85A6-808C85A5BAA0}.Debug|Any CPU.Build.0 = Debug|Any CPU
		{5AFF6A8D-6155-4985-85A6-808C85A5BAA0}.Release|Any CPU.ActiveCfg = Release|Any CPU
		{5AFF6A8D-6155-4985-85A6-808C85A5BAA0}.Release|Any CPU.Build.0 = Release|Any CPU
		{4F780568-4D5A-4CB7-9702-FCECC6D76662}.Debug|Any CPU.ActiveCfg = Debug|Any CPU
		{4F780568-4D5A-4CB7-9702-FCECC6D76662}.Debug|Any CPU.Build.0 = Debug|Any CPU
		{4F780568-4D5A-4CB7-9702-FCECC6D76662}.Release|Any CPU.ActiveCfg = Release|Any CPU
		{4F780568-4D5A-4CB7-9702-FCECC6D76662}.Release|Any CPU.Build.0 = Release|Any CPU
		{7B084FC8-768E-423C-A6A3-7FB27690B46E}.Debug|Any CPU.ActiveCfg = Debug|Any CPU
		{7B084FC8-768E-423C-A6A3-7FB27690B46E}.Debug|Any CPU.Build.0 = Debug|Any CPU
		{7B084FC8-768E-423C-A6A3-7FB27690B46E}.Release|Any CPU.ActiveCfg = Release|Any CPU
		{7B084FC8-768E-423C-A6A3-7FB27690B46E}.Release|Any CPU.Build.0 = Release|Any CPU
		{DF4CBE8F-51FA-48B5-8E80-5BEE6E9F5FED}.Debug|Any CPU.ActiveCfg = Debug|Any CPU
		{DF4CBE8F-51FA-48B5-8E80-5BEE6E9F5FED}.Debug|Any CPU.Build.0 = Debug|Any CPU
		{DF4CBE8F-51FA-48B5-8E80-5BEE6E9F5FED}.Release|Any CPU.ActiveCfg = Release|Any CPU
		{DF4CBE8F-51FA-48B5-8E80-5BEE6E9F5FED}.Release|Any CPU.Build.0 = Release|Any CPU
		{4D995BCA-A4EF-4F0A-AF16-B05978667D6C}.Debug|Any CPU.ActiveCfg = Debug|Any CPU
		{4D995BCA-A4EF-4F0A-AF16-B05978667D6C}.Debug|Any CPU.Build.0 = Debug|Any CPU
		{4D995BCA-A4EF-4F0A-AF16-B05978667D6C}.Release|Any CPU.ActiveCfg = Release|Any CPU
		{4D995BCA-A4EF-4F0A-AF16-B05978667D6C}.Release|Any CPU.Build.0 = Release|Any CPU
	EndGlobalSection
	GlobalSection(SolutionProperties) = preSolution
		HideSolutionNode = FALSE
	EndGlobalSection
	GlobalSection(NestedProjects) = preSolution
		{D3A42E63-002E-4FFE-9772-121C9AF85507} = {894CD68B-A808-46D2-A586-55D766004B54}
		{74978E52-5B43-4081-800F-4DC3EB45BAFE} = {894CD68B-A808-46D2-A586-55D766004B54}
		{18DFC143-BDDD-4C32-9EEE-3B61C72D23CB} = {894CD68B-A808-46D2-A586-55D766004B54}
		{E921F890-E3EA-4182-A271-10FC0FEA322E} = {894CD68B-A808-46D2-A586-55D766004B54}
		{5AFF6A8D-6155-4985-85A6-808C85A5BAA0} = {894CD68B-A808-46D2-A586-55D766004B54}
		{4F780568-4D5A-4CB7-9702-FCECC6D76662} = {B40CB13E-8670-416F-AC7E-C4166F880725}
		{7B084FC8-768E-423C-A6A3-7FB27690B46E} = {B40CB13E-8670-416F-AC7E-C4166F880725}
		{DF4CBE8F-51FA-48B5-8E80-5BEE6E9F5FED} = {E1AF6350-579D-4AD1-A87E-7EF850F9A05C}
		{4D995BCA-A4EF-4F0A-AF16-B05978667D6C} = {B40CB13E-8670-416F-AC7E-C4166F880725}
	EndGlobalSection
	GlobalSection(ExtensibilityGlobals) = postSolution
		SolutionGuid = {87B83962-BB84-4063-A27B-B9EA91D2742A}
	EndGlobalSection
EndGlobal
